
Microsoft Visual Studio Solution File, Format Version 12.00
# Visual Studio Version 17
VisualStudioVersion = 17.14.36518.9 d17.14
MinimumVisualStudioVersion = 10.0.40219.1
Project("{FAE04EC0-301F-11D3-BF4B-00C04F79EFBC}") = "MauiApp1_testing_android_fesability", "MauiApp1_testing_android_fesability\MauiApp1_testing_android_fesability.csproj", "{2495DD0F-047A-4254-9E24-A0384395246F}"
EndProject
Global
	GlobalSection(SolutionConfigurationPlatforms) = preSolution
		Debug|Any CPU = Debug|Any CPU
		Release|Any CPU = Release|Any CPU
	EndGlobalSection
	GlobalSection(ProjectConfigurationPlatforms) = postSolution
		{2495DD0F-047A-4254-9E24-A0384395246F}.Debug|Any CPU.ActiveCfg = Debug|Any CPU
		{2495DD0F-047A-4254-9E24-A0384395246F}.Debug|Any CPU.Build.0 = Debug|Any CPU
		{2495DD0F-047A-4254-9E24-A0384395246F}.Debug|Any CPU.Deploy.0 = Debug|Any CPU
		{2495DD0F-047A-4254-9E24-A0384395246F}.Release|Any CPU.ActiveCfg = Release|Any CPU
		{2495DD0F-047A-4254-9E24-A0384395246F}.Release|Any CPU.Build.0 = Release|Any CPU
		{2495DD0F-047A-4254-9E24-A0384395246F}.Release|Any CPU.Deploy.0 = Release|Any CPU
	EndGlobalSection
	GlobalSection(SolutionProperties) = preSolution
		HideSolutionNode = FALSE
	EndGlobalSection
	GlobalSection(ExtensibilityGlobals) = postSolution
		SolutionGuid = {B8DE32AF-9A5B-4845-B156-4CC749F97898}
	EndGlobalSection
EndGlobal
